
Microsoft Visual Studio Solution File, Format Version 12.00
# Visual Studio Version 17
VisualStudioVersion = 17.1.32210.238
MinimumVisualStudioVersion = 10.0.40219.1
Project("{FAE04EC0-301F-11D3-BF4B-00C04F79EFBC}") = "Godine", "Godine\Godine.csproj", "{CAE34B2F-00BB-4E33-81FB-C97CC7228FC0}"
EndProject
Global
	GlobalSection(SolutionConfigurationPlatforms) = preSolution
		Debug|Any CPU = Debug|Any CPU
		Release|Any CPU = Release|Any CPU
	EndGlobalSection
	GlobalSection(ProjectConfigurationPlatforms) = postSolution
		{CAE34B2F-00BB-4E33-81FB-C97CC7228FC0}.Debug|Any CPU.ActiveCfg = Debug|Any CPU
		{CAE34B2F-00BB-4E33-81FB-C97CC7228FC0}.Debug|Any CPU.Build.0 = Debug|Any CPU
		{CAE34B2F-00BB-4E33-81FB-C97CC7228FC0}.Release|Any CPU.ActiveCfg = Release|Any CPU
		{CAE34B2F-00BB-4E33-81FB-C97CC7228FC0}.Release|Any CPU.Build.0 = Release|Any CPU
	EndGlobalSection
	GlobalSection(SolutionProperties) = preSolution
		HideSolutionNode = FALSE
	EndGlobalSection
	GlobalSection(ExtensibilityGlobals) = postSolution
		SolutionGuid = {B6175E81-451D-40B4-B59E-5B1E150DEC2A}
	EndGlobalSection
EndGlobal
