
Microsoft Visual Studio Solution File, Format Version 12.00
# Visual Studio Version 17
VisualStudioVersion = 17.1.32210.238
MinimumVisualStudioVersion = 10.0.40219.1
Project("{FAE04EC0-301F-11D3-BF4B-00C04F79EFBC}") = "KucnaKnjiznica", "KucnaKnjiznica\KucnaKnjiznica.csproj", "{3410942E-A76D-4271-AD87-F3F94468CB8E}"
EndProject
Global
	GlobalSection(SolutionConfigurationPlatforms) = preSolution
		Debug|Any CPU = Debug|Any CPU
		Release|Any CPU = Release|Any CPU
	EndGlobalSection
	GlobalSection(ProjectConfigurationPlatforms) = postSolution
		{3410942E-A76D-4271-AD87-F3F94468CB8E}.Debug|Any CPU.ActiveCfg = Debug|Any CPU
		{3410942E-A76D-4271-AD87-F3F94468CB8E}.Debug|Any CPU.Build.0 = Debug|Any CPU
		{3410942E-A76D-4271-AD87-F3F94468CB8E}.Release|Any CPU.ActiveCfg = Release|Any CPU
		{3410942E-A76D-4271-AD87-F3F94468CB8E}.Release|Any CPU.Build.0 = Release|Any CPU
	EndGlobalSection
	GlobalSection(SolutionProperties) = preSolution
		HideSolutionNode = FALSE
	EndGlobalSection
	GlobalSection(ExtensibilityGlobals) = postSolution
		SolutionGuid = {C44FEE94-1FB0-4F22-920C-6362C3EAF42B}
	EndGlobalSection
EndGlobal
